// !$*UTF8*$!
{
	archiveVersion = 1;
	classes = {
	};
	objectVersion = 46;
	objects = {

/* Begin PBXBuildFile section */
		DA4FF9D51C1AB0C9005806A3 /* main.swift in Sources */ = {isa = PBXBuildFile; fileRef = DA4FF9D41C1AB0C9005806A3 /* main.swift */; };
		DA4FF9DF1C1AB11D005806A3 /* cfile.c in Sources */ = {isa = PBXBuildFile; fileRef = DA4FF9DC1C1AB11D005806A3 /* cfile.c */; settings = {ASSET_TAGS = (); }; };
		DA4FF9E01C1AB11D005806A3 /* node.swift in Sources */ = {isa = PBXBuildFile; fileRef = DA4FF9DE1C1AB11D005806A3 /* node.swift */; settings = {ASSET_TAGS = (); }; };
		DA4FF9E21C1AB130005806A3 /* Lexter.swift in Sources */ = {isa = PBXBuildFile; fileRef = DA4FF9E11C1AB130005806A3 /* Lexter.swift */; settings = {ASSET_TAGS = (); }; };
/* End PBXBuildFile section */

/* Begin PBXCopyFilesBuildPhase section */
		DA4FF9CF1C1AB0C9005806A3 /* CopyFiles */ = {
			isa = PBXCopyFilesBuildPhase;
			buildActionMask = 2147483647;
			dstPath = /usr/share/man/man1/;
			dstSubfolderSpec = 0;
			files = (
			);
			runOnlyForDeploymentPostprocessing = 1;
		};
/* End PBXCopyFilesBuildPhase section */

/* Begin PBXFileReference section */
		DA4FF9D11C1AB0C9005806A3 /* DrawImage_Lexter */ = {isa = PBXFileReference; explicitFileType = "compiled.mach-o.executable"; includeInIndex = 0; path = DrawImage_Lexter; sourceTree = BUILT_PRODUCTS_DIR; };
		DA4FF9D41C1AB0C9005806A3 /* main.swift */ = {isa = PBXFileReference; lastKnownFileType = sourcecode.swift; path = main.swift; sourceTree = "<group>"; };
		DA4FF9DB1C1AB11C005806A3 /* DrawImage_Lexter-Bridging-Header.h */ = {isa = PBXFileReference; lastKnownFileType = sourcecode.c.h; path = "DrawImage_Lexter-Bridging-Header.h"; sourceTree = "<group>"; };
		DA4FF9DC1C1AB11D005806A3 /* cfile.c */ = {isa = PBXFileReference; fileEncoding = 4; lastKnownFileType = sourcecode.c.c; path = cfile.c; sourceTree = "<group>"; };
		DA4FF9DE1C1AB11D005806A3 /* node.swift */ = {isa = PBXFileReference; fileEncoding = 4; lastKnownFileType = sourcecode.swift; path = node.swift; sourceTree = "<group>"; };
		DA4FF9E11C1AB130005806A3 /* Lexter.swift */ = {isa = PBXFileReference; fileEncoding = 4; lastKnownFileType = sourcecode.swift; path = Lexter.swift; sourceTree = "<group>"; };
/* End PBXFileReference section */

/* Begin PBXFrameworksBuildPhase section */
		DA4FF9CE1C1AB0C9005806A3 /* Frameworks */ = {
			isa = PBXFrameworksBuildPhase;
			buildActionMask = 2147483647;
			files = (
			);
			runOnlyForDeploymentPostprocessing = 0;
		};
/* End PBXFrameworksBuildPhase section */

/* Begin PBXGroup section */
		DA4FF9C81C1AB0C9005806A3 = {
			isa = PBXGroup;
			children = (
				DA4FF9D31C1AB0C9005806A3 /* DrawImage_Lexter */,
				DA4FF9D21C1AB0C9005806A3 /* Products */,
			);
			sourceTree = "<group>";
		};
		DA4FF9D21C1AB0C9005806A3 /* Products */ = {
			isa = PBXGroup;
			children = (
				DA4FF9D11C1AB0C9005806A3 /* DrawImage_Lexter */,
			);
			name = Products;
			sourceTree = "<group>";
		};
		DA4FF9D31C1AB0C9005806A3 /* DrawImage_Lexter */ = {
			isa = PBXGroup;
			children = (
				DA4FF9E11C1AB130005806A3 /* Lexter.swift */,
				DA4FF9DC1C1AB11D005806A3 /* cfile.c */,
				DA4FF9DE1C1AB11D005806A3 /* node.swift */,
				DA4FF9D41C1AB0C9005806A3 /* main.swift */,
				DA4FF9DB1C1AB11C005806A3 /* DrawImage_Lexter-Bridging-Header.h */,
			);
			path = DrawImage_Lexter;
			sourceTree = "<group>";
		};
/* End PBXGroup section */

/* Begin PBXNativeTarget section */
		DA4FF9D01C1AB0C9005806A3 /* DrawImage_Lexter */ = {
			isa = PBXNativeTarget;
			buildConfigurationList = DA4FF9D81C1AB0C9005806A3 /* Build configuration list for PBXNativeTarget "DrawImage_Lexter" */;
			buildPhases = (
				DA4FF9CD1C1AB0C9005806A3 /* Sources */,
				DA4FF9CE1C1AB0C9005806A3 /* Frameworks */,
				DA4FF9CF1C1AB0C9005806A3 /* CopyFiles */,
			);
			buildRules = (
			);
			dependencies = (
			);
			name = DrawImage_Lexter;
			productName = DrawImage_Lexter;
			productReference = DA4FF9D11C1AB0C9005806A3 /* DrawImage_Lexter */;
			productType = "com.apple.product-type.tool";
		};
/* End PBXNativeTarget section */

/* Begin PBXProject section */
		DA4FF9C91C1AB0C9005806A3 /* Project object */ = {
			isa = PBXProject;
			attributes = {
				LastSwiftUpdateCheck = 0700;
				LastUpgradeCheck = 0700;
				ORGANIZATIONNAME = Dongsh;
				TargetAttributes = {
					DA4FF9D01C1AB0C9005806A3 = {
						CreatedOnToolsVersion = 7.0;
					};
				};
			};
			buildConfigurationList = DA4FF9CC1C1AB0C9005806A3 /* Build configuration list for PBXProject "DrawImage_Lexter" */;
			compatibilityVersion = "Xcode 3.2";
			developmentRegion = English;
			hasScannedForEncodings = 0;
			knownRegions = (
				en,
			);
			mainGroup = DA4FF9C81C1AB0C9005806A3;
			productRefGroup = DA4FF9D21C1AB0C9005806A3 /* Products */;
			projectDirPath = "";
			projectRoot = "";
			targets = (
				DA4FF9D01C1AB0C9005806A3 /* DrawImage_Lexter */,
			);
		};
/* End PBXProject section */

/* Begin PBXSourcesBuildPhase section */
		DA4FF9CD1C1AB0C9005806A3 /* Sources */ = {
			isa = PBXSourcesBuildPhase;
			buildActionMask = 2147483647;
			files = (
				DA4FF9D51C1AB0C9005806A3 /* main.swift in Sources */,
				DA4FF9DF1C1AB11D005806A3 /* cfile.c in Sources */,
				DA4FF9E01C1AB11D005806A3 /* node.swift in Sources */,
				DA4FF9E21C1AB130005806A3 /* Lexter.swift in Sources */,
			);
			runOnlyForDeploymentPostprocessing = 0;
		};
/* End PBXSourcesBuildPhase section */

/* Begin XCBuildConfiguration section */
		DA4FF9D61C1AB0C9005806A3 /* Debug */ = {
			isa = XCBuildConfiguration;
			buildSettings = {
				ALWAYS_SEARCH_USER_PATHS = NO;
				CLANG_CXX_LANGUAGE_STANDARD = "gnu++0x";
				CLANG_CXX_LIBRARY = "libc++";
				CLANG_ENABLE_MODULES = YES;
				CLANG_ENABLE_OBJC_ARC = YES;
				CLANG_WARN_BOOL_CONVERSION = YES;
				CLANG_WARN_CONSTANT_CONVERSION = YES;
				CLANG_WARN_DIRECT_OBJC_ISA_USAGE = YES_ERROR;
				CLANG_WARN_EMPTY_BODY = YES;
				CLANG_WARN_ENUM_CONVERSION = YES;
				CLANG_WARN_INT_CONVERSION = YES;
				CLANG_WARN_OBJC_ROOT_CLASS = YES_ERROR;
				CLANG_WARN_UNREACHABLE_CODE = YES;
				CLANG_WARN__DUPLICATE_METHOD_MATCH = YES;
				COPY_PHASE_STRIP = NO;
				DEBUG_INFORMATION_FORMAT = dwarf;
				ENABLE_STRICT_OBJC_MSGSEND = YES;
				ENABLE_TESTABILITY = YES;
				GCC_C_LANGUAGE_STANDARD = gnu99;
				GCC_DYNAMIC_NO_PIC = NO;
				GCC_NO_COMMON_BLOCKS = YES;
				GCC_OPTIMIZATION_LEVEL = 0;
				GCC_PREPROCESSOR_DEFINITIONS = (
					"DEBUG=1",
					"$(inherited)",
				);
				GCC_WARN_64_TO_32_BIT_CONVERSION = YES;
				GCC_WARN_ABOUT_RETURN_TYPE = YES_ERROR;
				GCC_WARN_UNDECLARED_SELECTOR = YES;
				GCC_WARN_UNINITIALIZED_AUTOS = YES_AGGRESSIVE;
				GCC_WARN_UNUSED_FUNCTION = YES;
				GCC_WARN_UNUSED_VARIABLE = YES;
				MACOSX_DEPLOYMENT_TARGET = 10.11;
				MTL_ENABLE_DEBUG_INFO = YES;
				ONLY_ACTIVE_ARCH = YES;
				SDKROOT = macosx;
				SWIFT_OPTIMIZATION_LEVEL = "-Onone";
			};
			name = Debug;
		};
		DA4FF9D71C1AB0C9005806A3 /* Release */ = {
			isa = XCBuildConfiguration;
			buildSettings = {
				ALWAYS_SEARCH_USER_PATHS = NO;
				CLANG_CXX_LANGUAGE_STANDARD = "gnu++0x";
				CLANG_CXX_LIBRARY = "libc++";
				CLANG_ENABLE_MODULES = YES;
				CLANG_ENABLE_OBJC_ARC = YES;
				CLANG_WARN_BOOL_CONVERSION = YES;
				CLANG_WARN_CONSTANT_CONVERSION = YES;
				CLANG_WARN_DIRECT_OBJC_ISA_USAGE = YES_ERROR;
				CLANG_WARN_EMPTY_BODY = YES;
				CLANG_WARN_ENUM_CONVERSION = YES;
				CLANG_WARN_INT_CONVERSION = YES;
				CLANG_WARN_OBJC_ROOT_CLASS = YES_ERROR;
				CLANG_WARN_UNREACHABLE_CODE = YES;
				CLANG_WARN__DUPLICATE_METHOD_MATCH = YES;
				COPY_PHASE_STRIP = NO;
				DEBUG_INFORMATION_FORMAT = "dwarf-with-dsym";
				ENABLE_NS_ASSERTIONS = NO;
				ENABLE_STRICT_OBJC_MSGSEND = YES;
				GCC_C_LANGUAGE_STANDARD = gnu99;
				GCC_NO_COMMON_BLOCKS = YES;
				GCC_WARN_64_TO_32_BIT_CONVERSION = YES;
				GCC_WARN_ABOUT_RETURN_TYPE = YES_ERROR;
				GCC_WARN_UNDECLARED_SELECTOR = YES;
				GCC_WARN_UNINITIALIZED_AUTOS = YES_AGGRESSIVE;
				GCC_WARN_UNUSED_FUNCTION = YES;
				GCC_WARN_UNUSED_VARIABLE = YES;
				MACOSX_DEPLOYMENT_TARGET = 10.11;
				MTL_ENABLE_DEBUG_INFO = NO;
				SDKROOT = macosx;
			};
			name = Release;
		};
		DA4FF9D91C1AB0C9005806A3 /* Debug */ = {
			isa = XCBuildConfiguration;
			buildSettings = {
				CLANG_ENABLE_MODULES = YES;
				LD_RUNPATH_SEARCH_PATHS = "$(inherited) @executable_path/../Frameworks @loader_path/../Frameworks";
				PRODUCT_NAME = "$(TARGET_NAME)";
				SWIFT_OBJC_BRIDGING_HEADER = "DrawImage_Lexter/DrawImage_Lexter-Bridging-Header.h";
				SWIFT_OPTIMIZATION_LEVEL = "-Onone";
			};
			name = Debug;
		};
		DA4FF9DA1C1AB0C9005806A3 /* Release */ = {
			isa = XCBuildConfiguration;
			buildSettings = {
				CLANG_ENABLE_MODULES = YES;
				LD_RUNPATH_SEARCH_PATHS = "$(inherited) @executable_path/../Frameworks @loader_path/../Frameworks";
				PRODUCT_NAME = "$(TARGET_NAME)";
				SWIFT_OBJC_BRIDGING_HEADER = "DrawImage_Lexter/DrawImage_Lexter-Bridging-Header.h";
			};
			name = Release;
		};
/* End XCBuildConfiguration section */

/* Begin XCConfigurationList section */
		DA4FF9CC1C1AB0C9005806A3 /* Build configuration list for PBXProject "DrawImage_Lexter" */ = {
			isa = XCConfigurationList;
			buildConfigurations = (
				DA4FF9D61C1AB0C9005806A3 /* Debug */,
				DA4FF9D71C1AB0C9005806A3 /* Release */,
			);
			defaultConfigurationIsVisible = 0;
			defaultConfigurationName = Release;
		};
		DA4FF9D81C1AB0C9005806A3 /* Build configuration list for PBXNativeTarget "DrawImage_Lexter" */ = {
			isa = XCConfigurationList;
			buildConfigurations = (
				DA4FF9D91C1AB0C9005806A3 /* Debug */,
				DA4FF9DA1C1AB0C9005806A3 /* Release */,
			);
			defaultConfigurationIsVisible = 0;
		};
/* End XCConfigurationList section */
	};
	rootObject = DA4FF9C91C1AB0C9005806A3 /* Project object */;
}
